
Microsoft Visual Studio Solution File, Format Version 12.00
# Visual Studio Version 17
VisualStudioVersion = 17.2.32519.379
MinimumVisualStudioVersion = 10.0.40219.1
Project("{FAE04EC0-301F-11D3-BF4B-00C04F79EFBC}") = "Exercicio 1 Djalma", "Exercicio 1 Djalma\Exercicio 1 Djalma.csproj", "{7E27EB5C-7DA9-43C4-862C-EFF98C854F36}"
EndProject
Global
	GlobalSection(SolutionConfigurationPlatforms) = preSolution
		Debug|Any CPU = Debug|Any CPU
		Release|Any CPU = Release|Any CPU
	EndGlobalSection
	GlobalSection(ProjectConfigurationPlatforms) = postSolution
		{7E27EB5C-7DA9-43C4-862C-EFF98C854F36}.Debug|Any CPU.ActiveCfg = Debug|Any CPU
		{7E27EB5C-7DA9-43C4-862C-EFF98C854F36}.Debug|Any CPU.Build.0 = Debug|Any CPU
		{7E27EB5C-7DA9-43C4-862C-EFF98C854F36}.Release|Any CPU.ActiveCfg = Release|Any CPU
		{7E27EB5C-7DA9-43C4-862C-EFF98C854F36}.Release|Any CPU.Build.0 = Release|Any CPU
	EndGlobalSection
	GlobalSection(SolutionProperties) = preSolution
		HideSolutionNode = FALSE
	EndGlobalSection
	GlobalSection(ExtensibilityGlobals) = postSolution
		SolutionGuid = {109A7E21-7BCE-4B29-97BA-A8AA7B7994AA}
	EndGlobalSection
EndGlobal
